
Microsoft Visual Studio Solution File, Format Version 12.00
# Visual Studio Version 17
VisualStudioVersion = 17.8.34309.116
MinimumVisualStudioVersion = 10.0.40219.1
Project("{FAE04EC0-301F-11D3-BF4B-00C04F79EFBC}") = "polcyEngine", "polcyEngine\polcyEngine.csproj", "{67422252-8046-428C-83DA-35B033F8EDF1}"
EndProject
Global
	GlobalSection(SolutionConfigurationPlatforms) = preSolution
		Debug|Any CPU = Debug|Any CPU
		Release|Any CPU = Release|Any CPU
	EndGlobalSection
	GlobalSection(ProjectConfigurationPlatforms) = postSolution
		{67422252-8046-428C-83DA-35B033F8EDF1}.Debug|Any CPU.ActiveCfg = Debug|Any CPU
		{67422252-8046-428C-83DA-35B033F8EDF1}.Debug|Any CPU.Build.0 = Debug|Any CPU
		{67422252-8046-428C-83DA-35B033F8EDF1}.Release|Any CPU.ActiveCfg = Release|Any CPU
		{67422252-8046-428C-83DA-35B033F8EDF1}.Release|Any CPU.Build.0 = Release|Any CPU
	EndGlobalSection
	GlobalSection(SolutionProperties) = preSolution
		HideSolutionNode = FALSE
	EndGlobalSection
	GlobalSection(ExtensibilityGlobals) = postSolution
		SolutionGuid = {D6ED89B9-8F5E-47BD-B966-9C4A20A50919}
	EndGlobalSection
EndGlobal
